
Microsoft Visual Studio Solution File, Format Version 12.00
# Visual Studio Version 16
VisualStudioVersion = 16.0.31624.102
MinimumVisualStudioVersion = 10.0.40219.1
Project("{9A19103F-16F7-4668-BE54-9A1E7A4F7556}") = "Heartbeat", "Heartbeat.csproj", "{6C20B63F-B634-45BE-BFCB-76AD444F8389}"
EndProject
Global
	GlobalSection(SolutionConfigurationPlatforms) = preSolution
		Debug|Any CPU = Debug|Any CPU
		Release|Any CPU = Release|Any CPU
	EndGlobalSection
	GlobalSection(ProjectConfigurationPlatforms) = postSolution
		{6C20B63F-B634-45BE-BFCB-76AD444F8389}.Debug|Any CPU.ActiveCfg = Debug|Any CPU
		{6C20B63F-B634-45BE-BFCB-76AD444F8389}.Debug|Any CPU.Build.0 = Debug|Any CPU
		{6C20B63F-B634-45BE-BFCB-76AD444F8389}.Release|Any CPU.ActiveCfg = Release|Any CPU
		{6C20B63F-B634-45BE-BFCB-76AD444F8389}.Release|Any CPU.Build.0 = Release|Any CPU
	EndGlobalSection
	GlobalSection(SolutionProperties) = preSolution
		HideSolutionNode = FALSE
	EndGlobalSection
	GlobalSection(ExtensibilityGlobals) = postSolution
		SolutionGuid = {80AF57BA-DD05-4DE1-9322-D72DAFDCE3BD}
	EndGlobalSection
EndGlobal
